
Microsoft Visual Studio Solution File, Format Version 12.00
# Visual Studio Version 16
VisualStudioVersion = 16.0.29409.12
MinimumVisualStudioVersion = 10.0.40219.1
Project("{FAE04EC0-301F-11D3-BF4B-00C04F79EFBC}") = "TestProject", "TestProject\TestProject.csproj", "{8434EE18-C144-4415-BA60-3DE505581E4C}"
EndProject
Global
	GlobalSection(SolutionConfigurationPlatforms) = preSolution
		Debug|Any CPU = Debug|Any CPU
		Release|Any CPU = Release|Any CPU
	EndGlobalSection
	GlobalSection(ProjectConfigurationPlatforms) = postSolution
		{8434EE18-C144-4415-BA60-3DE505581E4C}.Debug|Any CPU.ActiveCfg = Debug|Any CPU
		{8434EE18-C144-4415-BA60-3DE505581E4C}.Debug|Any CPU.Build.0 = Debug|Any CPU
		{8434EE18-C144-4415-BA60-3DE505581E4C}.Release|Any CPU.ActiveCfg = Release|Any CPU
		{8434EE18-C144-4415-BA60-3DE505581E4C}.Release|Any CPU.Build.0 = Release|Any CPU
	EndGlobalSection
	GlobalSection(SolutionProperties) = preSolution
		HideSolutionNode = FALSE
	EndGlobalSection
	GlobalSection(ExtensibilityGlobals) = postSolution
		SolutionGuid = {A8ADCC08-43BC-4DBA-BB7D-CFEA001CE183}
	EndGlobalSection
EndGlobal
